
Microsoft Visual Studio Solution File, Format Version 12.00
# Visual Studio Version 17
VisualStudioVersion = 17.5.002.0
MinimumVisualStudioVersion = 10.0.40219.1
Project("{9A19103F-16F7-4668-BE54-9A1E7A4F7556}") = "Task01", "Task01.csproj", "{74BD52A7-25CF-4143-A07E-F6113876FB6B}"
EndProject
Global
	GlobalSection(SolutionConfigurationPlatforms) = preSolution
		Debug|Any CPU = Debug|Any CPU
		Release|Any CPU = Release|Any CPU
	EndGlobalSection
	GlobalSection(ProjectConfigurationPlatforms) = postSolution
		{74BD52A7-25CF-4143-A07E-F6113876FB6B}.Debug|Any CPU.ActiveCfg = Debug|Any CPU
		{74BD52A7-25CF-4143-A07E-F6113876FB6B}.Debug|Any CPU.Build.0 = Debug|Any CPU
		{74BD52A7-25CF-4143-A07E-F6113876FB6B}.Release|Any CPU.ActiveCfg = Release|Any CPU
		{74BD52A7-25CF-4143-A07E-F6113876FB6B}.Release|Any CPU.Build.0 = Release|Any CPU
	EndGlobalSection
	GlobalSection(SolutionProperties) = preSolution
		HideSolutionNode = FALSE
	EndGlobalSection
	GlobalSection(ExtensibilityGlobals) = postSolution
		SolutionGuid = {4FBA3657-1920-48FE-9D7B-AF3BDC0C0B34}
	EndGlobalSection
EndGlobal
